// !$*UTF8*$!
{
	archiveVersion = 1;
	classes = {
	};
	objectVersion = 46;
	objects = {

/* Begin PBXBuildFile section */
		1F05758F1E5FF851004636C2 /* main.m in Sources */ = {isa = PBXBuildFile; fileRef = 1F05758E1E5FF851004636C2 /* main.m */; };
		1F0575921E5FF851004636C2 /* AppDelegate.m in Sources */ = {isa = PBXBuildFile; fileRef = 1F0575911E5FF851004636C2 /* AppDelegate.m */; };
		1F05759A1E5FF851004636C2 /* Assets.xcassets in Resources */ = {isa = PBXBuildFile; fileRef = 1F0575991E5FF851004636C2 /* Assets.xcassets */; };
		1F05759D1E5FF851004636C2 /* LaunchScreen.storyboard in Resources */ = {isa = PBXBuildFile; fileRef = 1F05759B1E5FF851004636C2 /* LaunchScreen.storyboard */; };
		1F0575A61E5FF973004636C2 /* MTTabBarController.m in Sources */ = {isa = PBXBuildFile; fileRef = 1F0575A51E5FF973004636C2 /* MTTabBarController.m */; };
		1F0575CA1E5FFBD6004636C2 /* MTBaseControl.m in Sources */ = {isa = PBXBuildFile; fileRef = 1F0575C51E5FFBD6004636C2 /* MTBaseControl.m */; };
		1F0575CB1E5FFBD6004636C2 /* MTBaseView.m in Sources */ = {isa = PBXBuildFile; fileRef = 1F0575C71E5FFBD6004636C2 /* MTBaseView.m */; };
		1F0575CC1E5FFBD6004636C2 /* MTBaseViewController.m in Sources */ = {isa = PBXBuildFile; fileRef = 1F0575C91E5FFBD6004636C2 /* MTBaseViewController.m */; };
		1F0575CF1E5FFFE2004636C2 /* MTDiscovryViewController.m in Sources */ = {isa = PBXBuildFile; fileRef = 1F0575CE1E5FFFE2004636C2 /* MTDiscovryViewController.m */; };
		1F0575D21E5FFFFD004636C2 /* MTHelpPurchaseViewController.m in Sources */ = {isa = PBXBuildFile; fileRef = 1F0575D11E5FFFFD004636C2 /* MTHelpPurchaseViewController.m */; };
		1F0575D51E600012004636C2 /* MTMineViewController.m in Sources */ = {isa = PBXBuildFile; fileRef = 1F0575D41E600012004636C2 /* MTMineViewController.m */; };
		1F0575D81E60002B004636C2 /* MTNewCarViewController.m in Sources */ = {isa = PBXBuildFile; fileRef = 1F0575D71E60002B004636C2 /* MTNewCarViewController.m */; };
		1F0575DB1E600046004636C2 /* MTUsedCarViewController.m in Sources */ = {isa = PBXBuildFile; fileRef = 1F0575DA1E600046004636C2 /* MTUsedCarViewController.m */; };
		1F0575DE1E602A16004636C2 /* MTCarPlayView.m in Sources */ = {isa = PBXBuildFile; fileRef = 1F0575DD1E602A16004636C2 /* MTCarPlayView.m */; };
		1F0575E31E602BC0004636C2 /* CZCar.m in Sources */ = {isa = PBXBuildFile; fileRef = 1F0575E01E602BC0004636C2 /* CZCar.m */; };
		1F0575E41E602BC0004636C2 /* CZCarGroup.m in Sources */ = {isa = PBXBuildFile; fileRef = 1F0575E21E602BC0004636C2 /* CZCarGroup.m */; };
		1F0575E61E602D72004636C2 /* cars_total.plist in Resources */ = {isa = PBXBuildFile; fileRef = 1F0575E51E602D72004636C2 /* cars_total.plist */; };
		1F33059E1E60306700F1D14B /* Info.plist in Resources */ = {isa = PBXBuildFile; fileRef = 1F3305841E60306700F1D14B /* Info.plist */; };
		1F33059F1E60306700F1D14B /* MASCompositeConstraint.m in Sources */ = {isa = PBXBuildFile; fileRef = 1F3305861E60306700F1D14B /* MASCompositeConstraint.m */; };
		1F3305A01E60306700F1D14B /* MASConstraint.m in Sources */ = {isa = PBXBuildFile; fileRef = 1F3305891E60306700F1D14B /* MASConstraint.m */; };
		1F3305A11E60306700F1D14B /* MASConstraintMaker.m in Sources */ = {isa = PBXBuildFile; fileRef = 1F33058B1E60306700F1D14B /* MASConstraintMaker.m */; };
		1F3305A21E60306700F1D14B /* MASLayoutConstraint.m in Sources */ = {isa = PBXBuildFile; fileRef = 1F33058D1E60306700F1D14B /* MASLayoutConstraint.m */; };
		1F3305A31E60306700F1D14B /* MASViewAttribute.m in Sources */ = {isa = PBXBuildFile; fileRef = 1F3305911E60306700F1D14B /* MASViewAttribute.m */; };
		1F3305A41E60306700F1D14B /* MASViewConstraint.m in Sources */ = {isa = PBXBuildFile; fileRef = 1F3305931E60306700F1D14B /* MASViewConstraint.m */; };
		1F3305A51E60306700F1D14B /* NSArray+MASAdditions.m in Sources */ = {isa = PBXBuildFile; fileRef = 1F3305951E60306700F1D14B /* NSArray+MASAdditions.m */; };
		1F3305A61E60306700F1D14B /* NSLayoutConstraint+MASDebugAdditions.m in Sources */ = {isa = PBXBuildFile; fileRef = 1F3305981E60306700F1D14B /* NSLayoutConstraint+MASDebugAdditions.m */; };
		1F3305A71E60306700F1D14B /* View+MASAdditions.m in Sources */ = {isa = PBXBuildFile; fileRef = 1F33059A1E60306700F1D14B /* View+MASAdditions.m */; };
		1F3305A81E60306700F1D14B /* ViewController+MASAdditions.m in Sources */ = {isa = PBXBuildFile; fileRef = 1F33059D1E60306700F1D14B /* ViewController+MASAdditions.m */; };
		1F3305AF1E6044D300F1D14B /* MTNavigationController.m in Sources */ = {isa = PBXBuildFile; fileRef = 1F3305AE1E6044D300F1D14B /* MTNavigationController.m */; };
		1F3305B21E6046CC00F1D14B /* MTMineFlowLayout.m in Sources */ = {isa = PBXBuildFile; fileRef = 1F3305B11E6046CC00F1D14B /* MTMineFlowLayout.m */; };
		1F3305B81E604C5800F1D14B /* MTFirstCell.m in Sources */ = {isa = PBXBuildFile; fileRef = 1F3305B71E604C5800F1D14B /* MTFirstCell.m */; };
		1F3305BB1E604C9C00F1D14B /* MTSecondCell.m in Sources */ = {isa = PBXBuildFile; fileRef = 1F3305BA1E604C9C00F1D14B /* MTSecondCell.m */; };
		1F3305BD1E6059A300F1D14B /* MTZeroCell.xib in Resources */ = {isa = PBXBuildFile; fileRef = 1F3305BC1E6059A300F1D14B /* MTZeroCell.xib */; };
		1F3305BF1E60604900F1D14B /* MTFirstCell.xib in Resources */ = {isa = PBXBuildFile; fileRef = 1F3305BE1E60604900F1D14B /* MTFirstCell.xib */; };
		1F3305C21E6068D600F1D14B /* MTHeaderView.m in Sources */ = {isa = PBXBuildFile; fileRef = 1F3305C11E6068D600F1D14B /* MTHeaderView.m */; };
		1F3306961E61BEF400F1D14B /* MTUsedCarHeader.xib in Resources */ = {isa = PBXBuildFile; fileRef = 1F3306951E61BEF400F1D14B /* MTUsedCarHeader.xib */; };
		1F3306981E61C79C00F1D14B /* MTFirstSectionCell.xib in Resources */ = {isa = PBXBuildFile; fileRef = 1F3306971E61C79C00F1D14B /* MTFirstSectionCell.xib */; };
		1F33069E1E61CD1C00F1D14B /* MTFirstOtherCell.m in Sources */ = {isa = PBXBuildFile; fileRef = 1F33069D1E61CD1C00F1D14B /* MTFirstOtherCell.m */; };
		1FBE34E31E74F914006F1366 /* MTNewCarHeaderView.m in Sources */ = {isa = PBXBuildFile; fileRef = 1FBE34E21E74F914006F1366 /* MTNewCarHeaderView.m */; };
		1FBE35F91E76776D006F1366 /* NSArray+Addition.m in Sources */ = {isa = PBXBuildFile; fileRef = 1FBE35F81E76776D006F1366 /* NSArray+Addition.m */; };
		1FBE35FC1E767784006F1366 /* NSObject+Addition.m in Sources */ = {isa = PBXBuildFile; fileRef = 1FBE35FB1E767784006F1366 /* NSObject+Addition.m */; };
		1FBE36161E767EF3006F1366 /* ZFBCycleFlowLayout.m in Sources */ = {isa = PBXBuildFile; fileRef = 1FBE360F1E767EF3006F1366 /* ZFBCycleFlowLayout.m */; };
		1FBE36171E767EF3006F1366 /* ZFBCycleCell.m in Sources */ = {isa = PBXBuildFile; fileRef = 1FBE36121E767EF3006F1366 /* ZFBCycleCell.m */; };
		1FBE36181E767EF3006F1366 /* ZFBCycleCell.xib in Resources */ = {isa = PBXBuildFile; fileRef = 1FBE36131E767EF3006F1366 /* ZFBCycleCell.xib */; };
		1FBE36191E767EF3006F1366 /* ZFBCycleView.m in Sources */ = {isa = PBXBuildFile; fileRef = 1FBE36151E767EF3006F1366 /* ZFBCycleView.m */; };
		1FBE361C1E7683FA006F1366 /* MTFunctionCollectionView.m in Sources */ = {isa = PBXBuildFile; fileRef = 1FBE361B1E7683FA006F1366 /* MTFunctionCollectionView.m */; };
		1FBE36201E7684B5006F1366 /* homeAllFunctions.plist in Resources */ = {isa = PBXBuildFile; fileRef = 1FBE361D1E7684B5006F1366 /* homeAllFunctions.plist */; };
		1FBE36211E7684B5006F1366 /* ZFBFunctionListFlowLayout.m in Sources */ = {isa = PBXBuildFile; fileRef = 1FBE361F1E7684B5006F1366 /* ZFBFunctionListFlowLayout.m */; };
		1FBE36281E76870E006F1366 /* ZFBFunctionADCell.m in Sources */ = {isa = PBXBuildFile; fileRef = 1FBE36231E76870E006F1366 /* ZFBFunctionADCell.m */; };
		1FBE36291E76870E006F1366 /* ZFBFunctionADCell.xib in Resources */ = {isa = PBXBuildFile; fileRef = 1FBE36241E76870E006F1366 /* ZFBFunctionADCell.xib */; };
		1FBE362A1E76870E006F1366 /* ZFBFunctionListCell.m in Sources */ = {isa = PBXBuildFile; fileRef = 1FBE36261E76870E006F1366 /* ZFBFunctionListCell.m */; };
		1FBE362B1E76870E006F1366 /* ZFBFunctionListCell.xib in Resources */ = {isa = PBXBuildFile; fileRef = 1FBE36271E76870E006F1366 /* ZFBFunctionListCell.xib */; };
		1FBE362E1E7688F6006F1366 /* ZFBFunctionList.m in Sources */ = {isa = PBXBuildFile; fileRef = 1FBE362D1E7688F6006F1366 /* ZFBFunctionList.m */; };
/* End PBXBuildFile section */

/* Begin PBXFileReference section */
		1F05758A1E5FF851004636C2 /* 摩托之家.app */ = {isa = PBXFileReference; explicitFileType = wrapper.application; includeInIndex = 0; path = "摩托之家.app"; sourceTree = BUILT_PRODUCTS_DIR; };
		1F05758E1E5FF851004636C2 /* main.m */ = {isa = PBXFileReference; lastKnownFileType = sourcecode.c.objc; path = main.m; sourceTree = "<group>"; };
		1F0575901E5FF851004636C2 /* AppDelegate.h */ = {isa = PBXFileReference; lastKnownFileType = sourcecode.c.h; path = AppDelegate.h; sourceTree = "<group>"; };
		1F0575911E5FF851004636C2 /* AppDelegate.m */ = {isa = PBXFileReference; lastKnownFileType = sourcecode.c.objc; path = AppDelegate.m; sourceTree = "<group>"; };
		1F0575991E5FF851004636C2 /* Assets.xcassets */ = {isa = PBXFileReference; lastKnownFileType = folder.assetcatalog; path = Assets.xcassets; sourceTree = "<group>"; };
		1F05759C1E5FF851004636C2 /* Base */ = {isa = PBXFileReference; lastKnownFileType = file.storyboard; name = Base; path = Base.lproj/LaunchScreen.storyboard; sourceTree = "<group>"; };
		1F05759E1E5FF851004636C2 /* Info.plist */ = {isa = PBXFileReference; lastKnownFileType = text.plist.xml; path = Info.plist; sourceTree = "<group>"; };
		1F0575A41E5FF973004636C2 /* MTTabBarController.h */ = {isa = PBXFileReference; fileEncoding = 4; lastKnownFileType = sourcecode.c.h; path = MTTabBarController.h; sourceTree = "<group>"; };
		1F0575A51E5FF973004636C2 /* MTTabBarController.m */ = {isa = PBXFileReference; fileEncoding = 4; lastKnownFileType = sourcecode.c.objc; path = MTTabBarController.m; sourceTree = "<group>"; };
		1F0575C41E5FFBD6004636C2 /* MTBaseControl.h */ = {isa = PBXFileReference; fileEncoding = 4; lastKnownFileType = sourcecode.c.h; path = MTBaseControl.h; sourceTree = "<group>"; };
		1F0575C51E5FFBD6004636C2 /* MTBaseControl.m */ = {isa = PBXFileReference; fileEncoding = 4; lastKnownFileType = sourcecode.c.objc; path = MTBaseControl.m; sourceTree = "<group>"; };
		1F0575C61E5FFBD6004636C2 /* MTBaseView.h */ = {isa = PBXFileReference; fileEncoding = 4; lastKnownFileType = sourcecode.c.h; path = MTBaseView.h; sourceTree = "<group>"; };
		1F0575C71E5FFBD6004636C2 /* MTBaseView.m */ = {isa = PBXFileReference; fileEncoding = 4; lastKnownFileType = sourcecode.c.objc; path = MTBaseView.m; sourceTree = "<group>"; };
		1F0575C81E5FFBD6004636C2 /* MTBaseViewController.h */ = {isa = PBXFileReference; fileEncoding = 4; lastKnownFileType = sourcecode.c.h; path = MTBaseViewController.h; sourceTree = "<group>"; };
		1F0575C91E5FFBD6004636C2 /* MTBaseViewController.m */ = {isa = PBXFileReference; fileEncoding = 4; lastKnownFileType = sourcecode.c.objc; path = MTBaseViewController.m; sourceTree = "<group>"; };
		1F0575CD1E5FFFE2004636C2 /* MTDiscovryViewController.h */ = {isa = PBXFileReference; fileEncoding = 4; lastKnownFileType = sourcecode.c.h; path = MTDiscovryViewController.h; sourceTree = "<group>"; };
		1F0575CE1E5FFFE2004636C2 /* MTDiscovryViewController.m */ = {isa = PBXFileReference; fileEncoding = 4; lastKnownFileType = sourcecode.c.objc; path = MTDiscovryViewController.m; sourceTree = "<group>"; };
		1F0575D01E5FFFFD004636C2 /* MTHelpPurchaseViewController.h */ = {isa = PBXFileReference; fileEncoding = 4; lastKnownFileType = sourcecode.c.h; path = MTHelpPurchaseViewController.h; sourceTree = "<group>"; };
		1F0575D11E5FFFFD004636C2 /* MTHelpPurchaseViewController.m */ = {isa = PBXFileReference; fileEncoding = 4; lastKnownFileType = sourcecode.c.objc; path = MTHelpPurchaseViewController.m; sourceTree = "<group>"; };
		1F0575D31E600012004636C2 /* MTMineViewController.h */ = {isa = PBXFileReference; fileEncoding = 4; lastKnownFileType = sourcecode.c.h; path = MTMineViewController.h; sourceTree = "<group>"; };
		1F0575D41E600012004636C2 /* MTMineViewController.m */ = {isa = PBXFileReference; fileEncoding = 4; lastKnownFileType = sourcecode.c.objc; path = MTMineViewController.m; sourceTree = "<group>"; };
		1F0575D61E60002B004636C2 /* MTNewCarViewController.h */ = {isa = PBXFileReference; fileEncoding = 4; lastKnownFileType = sourcecode.c.h; path = MTNewCarViewController.h; sourceTree = "<group>"; };
		1F0575D71E60002B004636C2 /* MTNewCarViewController.m */ = {isa = PBXFileReference; fileEncoding = 4; lastKnownFileType = sourcecode.c.objc; path = MTNewCarViewController.m; sourceTree = "<group>"; };
		1F0575D91E600046004636C2 /* MTUsedCarViewController.h */ = {isa = PBXFileReference; fileEncoding = 4; lastKnownFileType = sourcecode.c.h; path = MTUsedCarViewController.h; sourceTree = "<group>"; };
		1F0575DA1E600046004636C2 /* MTUsedCarViewController.m */ = {isa = PBXFileReference; fileEncoding = 4; lastKnownFileType = sourcecode.c.objc; path = MTUsedCarViewController.m; sourceTree = "<group>"; };
		1F0575DC1E602A16004636C2 /* MTCarPlayView.h */ = {isa = PBXFileReference; fileEncoding = 4; lastKnownFileType = sourcecode.c.h; path = MTCarPlayView.h; sourceTree = "<group>"; };
		1F0575DD1E602A16004636C2 /* MTCarPlayView.m */ = {isa = PBXFileReference; fileEncoding = 4; lastKnownFileType = sourcecode.c.objc; path = MTCarPlayView.m; sourceTree = "<group>"; };
		1F0575DF1E602BC0004636C2 /* CZCar.h */ = {isa = PBXFileReference; fileEncoding = 4; lastKnownFileType = sourcecode.c.h; path = CZCar.h; sourceTree = "<group>"; };
		1F0575E01E602BC0004636C2 /* CZCar.m */ = {isa = PBXFileReference; fileEncoding = 4; lastKnownFileType = sourcecode.c.objc; path = CZCar.m; sourceTree = "<group>"; };
		1F0575E11E602BC0004636C2 /* CZCarGroup.h */ = {isa = PBXFileReference; fileEncoding = 4; lastKnownFileType = sourcecode.c.h; path = CZCarGroup.h; sourceTree = "<group>"; };
		1F0575E21E602BC0004636C2 /* CZCarGroup.m */ = {isa = PBXFileReference; fileEncoding = 4; lastKnownFileType = sourcecode.c.objc; path = CZCarGroup.m; sourceTree = "<group>"; };
		1F0575E51E602D72004636C2 /* cars_total.plist */ = {isa = PBXFileReference; fileEncoding = 4; lastKnownFileType = text.plist.xml; path = cars_total.plist; sourceTree = "<group>"; };
		1F3305841E60306700F1D14B /* Info.plist */ = {isa = PBXFileReference; fileEncoding = 4; lastKnownFileType = text.plist.xml; path = Info.plist; sourceTree = "<group>"; };
		1F3305851E60306700F1D14B /* MASCompositeConstraint.h */ = {isa = PBXFileReference; fileEncoding = 4; lastKnownFileType = sourcecode.c.h; path = MASCompositeConstraint.h; sourceTree = "<group>"; };
		1F3305861E60306700F1D14B /* MASCompositeConstraint.m */ = {isa = PBXFileReference; fileEncoding = 4; lastKnownFileType = sourcecode.c.objc; path = MASCompositeConstraint.m; sourceTree = "<group>"; };
		1F3305871E60306700F1D14B /* MASConstraint+Private.h */ = {isa = PBXFileReference; fileEncoding = 4; lastKnownFileType = sourcecode.c.h; path = "MASConstraint+Private.h"; sourceTree = "<group>"; };
		1F3305881E60306700F1D14B /* MASConstraint.h */ = {isa = PBXFileReference; fileEncoding = 4; lastKnownFileType = sourcecode.c.h; path = MASConstraint.h; sourceTree = "<group>"; };
		1F3305891E60306700F1D14B /* MASConstraint.m */ = {isa = PBXFileReference; fileEncoding = 4; lastKnownFileType = sourcecode.c.objc; path = MASConstraint.m; sourceTree = "<group>"; };
		1F33058A1E60306700F1D14B /* MASConstraintMaker.h */ = {isa = PBXFileReference; fileEncoding = 4; lastKnownFileType = sourcecode.c.h; path = MASConstraintMaker.h; sourceTree = "<group>"; };
		1F33058B1E60306700F1D14B /* MASConstraintMaker.m */ = {isa = PBXFileReference; fileEncoding = 4; lastKnownFileType = sourcecode.c.objc; path = MASConstraintMaker.m; sourceTree = "<group>"; };
		1F33058C1E60306700F1D14B /* MASLayoutConstraint.h */ = {isa = PBXFileReference; fileEncoding = 4; lastKnownFileType = sourcecode.c.h; path = MASLayoutConstraint.h; sourceTree = "<group>"; };
		1F33058D1E60306700F1D14B /* MASLayoutConstraint.m */ = {isa = PBXFileReference; fileEncoding = 4; lastKnownFileType = sourcecode.c.objc; path = MASLayoutConstraint.m; sourceTree = "<group>"; };
		1F33058E1E60306700F1D14B /* Masonry.h */ = {isa = PBXFileReference; fileEncoding = 4; lastKnownFileType = sourcecode.c.h; path = Masonry.h; sourceTree = "<group>"; };
		1F33058F1E60306700F1D14B /* MASUtilities.h */ = {isa = PBXFileReference; fileEncoding = 4; lastKnownFileType = sourcecode.c.h; path = MASUtilities.h; sourceTree = "<group>"; };
		1F3305901E60306700F1D14B /* MASViewAttribute.h */ = {isa = PBXFileReference; fileEncoding = 4; lastKnownFileType = sourcecode.c.h; path = MASViewAttribute.h; sourceTree = "<group>"; };
		1F3305911E60306700F1D14B /* MASViewAttribute.m */ = {isa = PBXFileReference; fileEncoding = 4; lastKnownFileType = sourcecode.c.objc; path = MASViewAttribute.m; sourceTree = "<group>"; };
		1F3305921E60306700F1D14B /* MASViewConstraint.h */ = {isa = PBXFileReference; fileEncoding = 4; lastKnownFileType = sourcecode.c.h; path = MASViewConstraint.h; sourceTree = "<group>"; };
		1F3305931E60306700F1D14B /* MASViewConstraint.m */ = {isa = PBXFileReference; fileEncoding = 4; lastKnownFileType = sourcecode.c.objc; path = MASViewConstraint.m; sourceTree = "<group>"; };
		1F3305941E60306700F1D14B /* NSArray+MASAdditions.h */ = {isa = PBXFileReference; fileEncoding = 4; lastKnownFileType = sourcecode.c.h; path = "NSArray+MASAdditions.h"; sourceTree = "<group>"; };
		1F3305951E60306700F1D14B /* NSArray+MASAdditions.m */ = {isa = PBXFileReference; fileEncoding = 4; lastKnownFileType = sourcecode.c.objc; path = "NSArray+MASAdditions.m"; sourceTree = "<group>"; };
		1F3305961E60306700F1D14B /* NSArray+MASShorthandAdditions.h */ = {isa = PBXFileReference; fileEncoding = 4; lastKnownFileType = sourcecode.c.h; path = "NSArray+MASShorthandAdditions.h"; sourceTree = "<group>"; };
		1F3305971E60306700F1D14B /* NSLayoutConstraint+MASDebugAdditions.h */ = {isa = PBXFileReference; fileEncoding = 4; lastKnownFileType = sourcecode.c.h; path = "NSLayoutConstraint+MASDebugAdditions.h"; sourceTree = "<group>"; };
		1F3305981E60306700F1D14B /* NSLayoutConstraint+MASDebugAdditions.m */ = {isa = PBXFileReference; fileEncoding = 4; lastKnownFileType = sourcecode.c.objc; path = "NSLayoutConstraint+MASDebugAdditions.m"; sourceTree = "<group>"; };
		1F3305991E60306700F1D14B /* View+MASAdditions.h */ = {isa = PBXFileReference; fileEncoding = 4; lastKnownFileType = sourcecode.c.h; path = "View+MASAdditions.h"; sourceTree = "<group>"; };
		1F33059A1E60306700F1D14B /* View+MASAdditions.m */ = {isa = PBXFileReference; fileEncoding = 4; lastKnownFileType = sourcecode.c.objc; path = "View+MASAdditions.m"; sourceTree = "<group>"; };
		1F33059B1E60306700F1D14B /* View+MASShorthandAdditions.h */ = {isa = PBXFileReference; fileEncoding = 4; lastKnownFileType = sourcecode.c.h; path = "View+MASShorthandAdditions.h"; sourceTree = "<group>"; };
		1F33059C1E60306700F1D14B /* ViewController+MASAdditions.h */ = {isa = PBXFileReference; fileEncoding = 4; lastKnownFileType = sourcecode.c.h; path = "ViewController+MASAdditions.h"; sourceTree = "<group>"; };
		1F33059D1E60306700F1D14B /* ViewController+MASAdditions.m */ = {isa = PBXFileReference; fileEncoding = 4; lastKnownFileType = sourcecode.c.objc; path = "ViewController+MASAdditions.m"; sourceTree = "<group>"; };
		1F3305A91E60308A00F1D14B /* MTPrefixHeader.pch */ = {isa = PBXFileReference; lastKnownFileType = sourcecode.c.h; path = MTPrefixHeader.pch; sourceTree = "<group>"; };
		1F3305AD1E6044D300F1D14B /* MTNavigationController.h */ = {isa = PBXFileReference; fileEncoding = 4; lastKnownFileType = sourcecode.c.h; path = MTNavigationController.h; sourceTree = "<group>"; };
		1F3305AE1E6044D300F1D14B /* MTNavigationController.m */ = {isa = PBXFileReference; fileEncoding = 4; lastKnownFileType = sourcecode.c.objc; path = MTNavigationController.m; sourceTree = "<group>"; };
		1F3305B01E6046CC00F1D14B /* MTMineFlowLayout.h */ = {isa = PBXFileReference; fileEncoding = 4; lastKnownFileType = sourcecode.c.h; path = MTMineFlowLayout.h; sourceTree = "<group>"; };
		1F3305B11E6046CC00F1D14B /* MTMineFlowLayout.m */ = {isa = PBXFileReference; fileEncoding = 4; lastKnownFileType = sourcecode.c.objc; path = MTMineFlowLayout.m; sourceTree = "<group>"; };
		1F3305B61E604C5800F1D14B /* MTFirstCell.h */ = {isa = PBXFileReference; fileEncoding = 4; lastKnownFileType = sourcecode.c.h; path = MTFirstCell.h; sourceTree = "<group>"; };
		1F3305B71E604C5800F1D14B /* MTFirstCell.m */ = {isa = PBXFileReference; fileEncoding = 4; lastKnownFileType = sourcecode.c.objc; path = MTFirstCell.m; sourceTree = "<group>"; };
		1F3305B91E604C9C00F1D14B /* MTSecondCell.h */ = {isa = PBXFileReference; fileEncoding = 4; lastKnownFileType = sourcecode.c.h; path = MTSecondCell.h; sourceTree = "<group>"; };
		1F3305BA1E604C9C00F1D14B /* MTSecondCell.m */ = {isa = PBXFileReference; fileEncoding = 4; lastKnownFileType = sourcecode.c.objc; path = MTSecondCell.m; sourceTree = "<group>"; };
		1F3305BC1E6059A300F1D14B /* MTZeroCell.xib */ = {isa = PBXFileReference; fileEncoding = 4; lastKnownFileType = file.xib; name = MTZeroCell.xib; path = ../Model/MTZeroCell.xib; sourceTree = "<group>"; };
		1F3305BE1E60604900F1D14B /* MTFirstCell.xib */ = {isa = PBXFileReference; fileEncoding = 4; lastKnownFileType = file.xib; path = MTFirstCell.xib; sourceTree = "<group>"; };
		1F3305C01E6068D600F1D14B /* MTHeaderView.h */ = {isa = PBXFileReference; fileEncoding = 4; lastKnownFileType = sourcecode.c.h; name = MTHeaderView.h; path = ../Model/MTHeaderView.h; sourceTree = "<group>"; };
		1F3305C11E6068D600F1D14B /* MTHeaderView.m */ = {isa = PBXFileReference; fileEncoding = 4; lastKnownFileType = sourcecode.c.objc; name = MTHeaderView.m; path = ../Model/MTHeaderView.m; sourceTree = "<group>"; };
		1F3306951E61BEF400F1D14B /* MTUsedCarHeader.xib */ = {isa = PBXFileReference; fileEncoding = 4; lastKnownFileType = file.xib; path = MTUsedCarHeader.xib; sourceTree = "<group>"; };
		1F3306971E61C79C00F1D14B /* MTFirstSectionCell.xib */ = {isa = PBXFileReference; fileEncoding = 4; lastKnownFileType = file.xib; path = MTFirstSectionCell.xib; sourceTree = "<group>"; };
		1F33069C1E61CD1C00F1D14B /* MTFirstOtherCell.h */ = {isa = PBXFileReference; fileEncoding = 4; lastKnownFileType = sourcecode.c.h; path = MTFirstOtherCell.h; sourceTree = "<group>"; };
		1F33069D1E61CD1C00F1D14B /* MTFirstOtherCell.m */ = {isa = PBXFileReference; fileEncoding = 4; lastKnownFileType = sourcecode.c.objc; path = MTFirstOtherCell.m; sourceTree = "<group>"; };
		1FBE34E11E74F914006F1366 /* MTNewCarHeaderView.h */ = {isa = PBXFileReference; fileEncoding = 4; lastKnownFileType = sourcecode.c.h; path = MTNewCarHeaderView.h; sourceTree = "<group>"; };
		1FBE34E21E74F914006F1366 /* MTNewCarHeaderView.m */ = {isa = PBXFileReference; fileEncoding = 4; lastKnownFileType = sourcecode.c.objc; path = MTNewCarHeaderView.m; sourceTree = "<group>"; };
		1FBE35F71E76776D006F1366 /* NSArray+Addition.h */ = {isa = PBXFileReference; fileEncoding = 4; lastKnownFileType = sourcecode.c.h; path = "NSArray+Addition.h"; sourceTree = "<group>"; };
		1FBE35F81E76776D006F1366 /* NSArray+Addition.m */ = {isa = PBXFileReference; fileEncoding = 4; lastKnownFileType = sourcecode.c.objc; path = "NSArray+Addition.m"; sourceTree = "<group>"; };
		1FBE35FA1E767784006F1366 /* NSObject+Addition.h */ = {isa = PBXFileReference; fileEncoding = 4; lastKnownFileType = sourcecode.c.h; path = "NSObject+Addition.h"; sourceTree = "<group>"; };
		1FBE35FB1E767784006F1366 /* NSObject+Addition.m */ = {isa = PBXFileReference; fileEncoding = 4; lastKnownFileType = sourcecode.c.objc; path = "NSObject+Addition.m"; sourceTree = "<group>"; };
		1FBE360E1E767EF3006F1366 /* ZFBCycleFlowLayout.h */ = {isa = PBXFileReference; fileEncoding = 4; lastKnownFileType = sourcecode.c.h; path = ZFBCycleFlowLayout.h; sourceTree = "<group>"; };
		1FBE360F1E767EF3006F1366 /* ZFBCycleFlowLayout.m */ = {isa = PBXFileReference; fileEncoding = 4; lastKnownFileType = sourcecode.c.objc; path = ZFBCycleFlowLayout.m; sourceTree = "<group>"; };
		1FBE36111E767EF3006F1366 /* ZFBCycleCell.h */ = {isa = PBXFileReference; fileEncoding = 4; lastKnownFileType = sourcecode.c.h; path = ZFBCycleCell.h; sourceTree = "<group>"; };
		1FBE36121E767EF3006F1366 /* ZFBCycleCell.m */ = {isa = PBXFileReference; fileEncoding = 4; lastKnownFileType = sourcecode.c.objc; path = ZFBCycleCell.m; sourceTree = "<group>"; };
		1FBE36131E767EF3006F1366 /* ZFBCycleCell.xib */ = {isa = PBXFileReference; fileEncoding = 4; lastKnownFileType = file.xib; path = ZFBCycleCell.xib; sourceTree = "<group>"; };
		1FBE36141E767EF3006F1366 /* ZFBCycleView.h */ = {isa = PBXFileReference; fileEncoding = 4; lastKnownFileType = sourcecode.c.h; path = ZFBCycleView.h; sourceTree = "<group>"; };
		1FBE36151E767EF3006F1366 /* ZFBCycleView.m */ = {isa = PBXFileReference; fileEncoding = 4; lastKnownFileType = sourcecode.c.objc; path = ZFBCycleView.m; sourceTree = "<group>"; };
		1FBE361A1E7683FA006F1366 /* MTFunctionCollectionView.h */ = {isa = PBXFileReference; fileEncoding = 4; lastKnownFileType = sourcecode.c.h; path = MTFunctionCollectionView.h; sourceTree = "<group>"; };
		1FBE361B1E7683FA006F1366 /* MTFunctionCollectionView.m */ = {isa = PBXFileReference; fileEncoding = 4; lastKnownFileType = sourcecode.c.objc; path = MTFunctionCollectionView.m; sourceTree = "<group>"; };
		1FBE361D1E7684B5006F1366 /* homeAllFunctions.plist */ = {isa = PBXFileReference; fileEncoding = 4; lastKnownFileType = text.plist.xml; path = homeAllFunctions.plist; sourceTree = "<group>"; };
		1FBE361E1E7684B5006F1366 /* ZFBFunctionListFlowLayout.h */ = {isa = PBXFileReference; fileEncoding = 4; lastKnownFileType = sourcecode.c.h; path = ZFBFunctionListFlowLayout.h; sourceTree = "<group>"; };
		1FBE361F1E7684B5006F1366 /* ZFBFunctionListFlowLayout.m */ = {isa = PBXFileReference; fileEncoding = 4; lastKnownFileType = sourcecode.c.objc; path = ZFBFunctionListFlowLayout.m; sourceTree = "<group>"; };
		1FBE36221E76870E006F1366 /* ZFBFunctionADCell.h */ = {isa = PBXFileReference; fileEncoding = 4; lastKnownFileType = sourcecode.c.h; path = ZFBFunctionADCell.h; sourceTree = "<group>"; };
		1FBE36231E76870E006F1366 /* ZFBFunctionADCell.m */ = {isa = PBXFileReference; fileEncoding = 4; lastKnownFileType = sourcecode.c.objc; path = ZFBFunctionADCell.m; sourceTree = "<group>"; };
		1FBE36241E76870E006F1366 /* ZFBFunctionADCell.xib */ = {isa = PBXFileReference; fileEncoding = 4; lastKnownFileType = file.xib; path = ZFBFunctionADCell.xib; sourceTree = "<group>"; };
		1FBE36251E76870E006F1366 /* ZFBFunctionListCell.h */ = {isa = PBXFileReference; fileEncoding = 4; lastKnownFileType = sourcecode.c.h; path = ZFBFunctionListCell.h; sourceTree = "<group>"; };
		1FBE36261E76870E006F1366 /* ZFBFunctionListCell.m */ = {isa = PBXFileReference; fileEncoding = 4; lastKnownFileType = sourcecode.c.objc; path = ZFBFunctionListCell.m; sourceTree = "<group>"; };
		1FBE36271E76870E006F1366 /* ZFBFunctionListCell.xib */ = {isa = PBXFileReference; fileEncoding = 4; lastKnownFileType = file.xib; path = ZFBFunctionListCell.xib; sourceTree = "<group>"; };
		1FBE362C1E7688F6006F1366 /* ZFBFunctionList.h */ = {isa = PBXFileReference; fileEncoding = 4; lastKnownFileType = sourcecode.c.h; path = ZFBFunctionList.h; sourceTree = "<group>"; };
		1FBE362D1E7688F6006F1366 /* ZFBFunctionList.m */ = {isa = PBXFileReference; fileEncoding = 4; lastKnownFileType = sourcecode.c.objc; path = ZFBFunctionList.m; sourceTree = "<group>"; };
/* End PBXFileReference section */

/* Begin PBXFrameworksBuildPhase section */
		1F0575871E5FF851004636C2 /* Frameworks */ = {
			isa = PBXFrameworksBuildPhase;
			buildActionMask = 2147483647;
			files = (
			);
			runOnlyForDeploymentPostprocessing = 0;
		};
/* End PBXFrameworksBuildPhase section */

/* Begin PBXGroup section */
		1F0575811E5FF850004636C2 = {
			isa = PBXGroup;
			children = (
				1F05758C1E5FF851004636C2 /* 摩托之家 */,
				1F05758B1E5FF851004636C2 /* Products */,
			);
			sourceTree = "<group>";
		};
		1F05758B1E5FF851004636C2 /* Products */ = {
			isa = PBXGroup;
			children = (
				1F05758A1E5FF851004636C2 /* 摩托之家.app */,
			);
			name = Products;
			sourceTree = "<group>";
		};
		1F05758C1E5FF851004636C2 /* 摩托之家 */ = {
			isa = PBXGroup;
			children = (
				1F0575C21E5FFAFC004636C2 /* Lib */,
				1F0575C11E5FFAFC004636C2 /* Common */,
				1F0575A71E5FFAFC004636C2 /* Classes */,
				1F0575901E5FF851004636C2 /* AppDelegate.h */,
				1F0575911E5FF851004636C2 /* AppDelegate.m */,
				1F0575A41E5FF973004636C2 /* MTTabBarController.h */,
				1F0575A51E5FF973004636C2 /* MTTabBarController.m */,
				1F3305AD1E6044D300F1D14B /* MTNavigationController.h */,
				1F3305AE1E6044D300F1D14B /* MTNavigationController.m */,
				1F05758D1E5FF851004636C2 /* Supporting Files */,
			);
			path = "摩托之家";
			sourceTree = "<group>";
		};
		1F05758D1E5FF851004636C2 /* Supporting Files */ = {
			isa = PBXGroup;
			children = (
				1F0575991E5FF851004636C2 /* Assets.xcassets */,
				1F05759B1E5FF851004636C2 /* LaunchScreen.storyboard */,
				1F05759E1E5FF851004636C2 /* Info.plist */,
				1F05758E1E5FF851004636C2 /* main.m */,
				1F3305A91E60308A00F1D14B /* MTPrefixHeader.pch */,
			);
			name = "Supporting Files";
			sourceTree = "<group>";
		};
		1F0575A71E5FFAFC004636C2 /* Classes */ = {
			isa = PBXGroup;
			children = (
				1F0575B71E5FFAFC004636C2 /* MTNewCar */,
				1F0575BC1E5FFAFC004636C2 /* MTUsed-Car */,
				1F0575A81E5FFAFC004636C2 /* MTDiscovry */,
				1F0575AD1E5FFAFC004636C2 /* MTHelpPurchase */,
				1F0575B21E5FFAFC004636C2 /* MTMine */,
			);
			path = Classes;
			sourceTree = "<group>";
		};
		1F0575A81E5FFAFC004636C2 /* MTDiscovry */ = {
			isa = PBXGroup;
			children = (
				1F0575A91E5FFAFC004636C2 /* Controller */,
				1F0575AA1E5FFAFC004636C2 /* Model */,
				1F0575AB1E5FFAFC004636C2 /* Other */,
				1F0575AC1E5FFAFC004636C2 /* View */,
			);
			path = MTDiscovry;
			sourceTree = "<group>";
		};
		1F0575A91E5FFAFC004636C2 /* Controller */ = {
			isa = PBXGroup;
			children = (
				1F0575CD1E5FFFE2004636C2 /* MTDiscovryViewController.h */,
				1F0575CE1E5FFFE2004636C2 /* MTDiscovryViewController.m */,
			);
			path = Controller;
			sourceTree = "<group>";
		};
		1F0575AA1E5FFAFC004636C2 /* Model */ = {
			isa = PBXGroup;
			children = (
			);
			path = Model;
			sourceTree = "<group>";
		};
		1F0575AB1E5FFAFC004636C2 /* Other */ = {
			isa = PBXGroup;
			children = (
			);
			path = Other;
			sourceTree = "<group>";
		};
		1F0575AC1E5FFAFC004636C2 /* View */ = {
			isa = PBXGroup;
			children = (
			);
			path = View;
			sourceTree = "<group>";
		};
		1F0575AD1E5FFAFC004636C2 /* MTHelpPurchase */ = {
			isa = PBXGroup;
			children = (
				1F0575AE1E5FFAFC004636C2 /* Controller */,
				1F0575AF1E5FFAFC004636C2 /* Model */,
				1F0575B01E5FFAFC004636C2 /* Other */,
				1F0575B11E5FFAFC004636C2 /* View */,
			);
			path = MTHelpPurchase;
			sourceTree = "<group>";
		};
		1F0575AE1E5FFAFC004636C2 /* Controller */ = {
			isa = PBXGroup;
			children = (
				1F0575D01E5FFFFD004636C2 /* MTHelpPurchaseViewController.h */,
				1F0575D11E5FFFFD004636C2 /* MTHelpPurchaseViewController.m */,
			);
			path = Controller;
			sourceTree = "<group>";
		};
		1F0575AF1E5FFAFC004636C2 /* Model */ = {
			isa = PBXGroup;
			children = (
			);
			path = Model;
			sourceTree = "<group>";
		};
		1F0575B01E5FFAFC004636C2 /* Other */ = {
			isa = PBXGroup;
			children = (
			);
			path = Other;
			sourceTree = "<group>";
		};
		1F0575B11E5FFAFC004636C2 /* View */ = {
			isa = PBXGroup;
			children = (
			);
			path = View;
			sourceTree = "<group>";
		};
		1F0575B21E5FFAFC004636C2 /* MTMine */ = {
			isa = PBXGroup;
			children = (
				1F0575B31E5FFAFC004636C2 /* Controller */,
				1F0575B41E5FFAFC004636C2 /* Model */,
				1F0575B51E5FFAFC004636C2 /* Other */,
				1F0575B61E5FFAFC004636C2 /* View */,
			);
			path = MTMine;
			sourceTree = "<group>";
		};
		1F0575B31E5FFAFC004636C2 /* Controller */ = {
			isa = PBXGroup;
			children = (
				1F0575D31E600012004636C2 /* MTMineViewController.h */,
				1F0575D41E600012004636C2 /* MTMineViewController.m */,
			);
			path = Controller;
			sourceTree = "<group>";
		};
		1F0575B41E5FFAFC004636C2 /* Model */ = {
			isa = PBXGroup;
			children = (
				1F3305B61E604C5800F1D14B /* MTFirstCell.h */,
				1F3305B71E604C5800F1D14B /* MTFirstCell.m */,
				1F3305BE1E60604900F1D14B /* MTFirstCell.xib */,
				1F3305B91E604C9C00F1D14B /* MTSecondCell.h */,
				1F3305BA1E604C9C00F1D14B /* MTSecondCell.m */,
			);
			path = Model;
			sourceTree = "<group>";
		};
		1F0575B51E5FFAFC004636C2 /* Other */ = {
			isa = PBXGroup;
			children = (
				1F3305B01E6046CC00F1D14B /* MTMineFlowLayout.h */,
				1F3305B11E6046CC00F1D14B /* MTMineFlowLayout.m */,
			);
			path = Other;
			sourceTree = "<group>";
		};
		1F0575B61E5FFAFC004636C2 /* View */ = {
			isa = PBXGroup;
			children = (
				1F3305C01E6068D600F1D14B /* MTHeaderView.h */,
				1F3305C11E6068D600F1D14B /* MTHeaderView.m */,
				1F3305BC1E6059A300F1D14B /* MTZeroCell.xib */,
			);
			path = View;
			sourceTree = "<group>";
		};
		1F0575B71E5FFAFC004636C2 /* MTNewCar */ = {
			isa = PBXGroup;
			children = (
				1FBE36051E767ED7006F1366 /* FunctionList */,
				1F0575B81E5FFAFC004636C2 /* Controller */,
				1F0575B91E5FFAFC004636C2 /* Model */,
				1F0575BA1E5FFAFC004636C2 /* Other */,
				1F0575BB1E5FFAFC004636C2 /* View */,
			);
			path = MTNewCar;
			sourceTree = "<group>";
		};
		1F0575B81E5FFAFC004636C2 /* Controller */ = {
			isa = PBXGroup;
			children = (
				1F0575D61E60002B004636C2 /* MTNewCarViewController.h */,
				1F0575D71E60002B004636C2 /* MTNewCarViewController.m */,
			);
			path = Controller;
			sourceTree = "<group>";
		};
		1F0575B91E5FFAFC004636C2 /* Model */ = {
			isa = PBXGroup;
			children = (
				1F0575DF1E602BC0004636C2 /* CZCar.h */,
				1F0575E01E602BC0004636C2 /* CZCar.m */,
				1F0575E11E602BC0004636C2 /* CZCarGroup.h */,
				1F0575E21E602BC0004636C2 /* CZCarGroup.m */,
			);
			path = Model;
			sourceTree = "<group>";
		};
		1F0575BA1E5FFAFC004636C2 /* Other */ = {
			isa = PBXGroup;
			children = (
				1F0575E51E602D72004636C2 /* cars_total.plist */,
			);
			path = Other;
			sourceTree = "<group>";
		};
		1F0575BB1E5FFAFC004636C2 /* View */ = {
			isa = PBXGroup;
			children = (
				1F0575DC1E602A16004636C2 /* MTCarPlayView.h */,
				1F0575DD1E602A16004636C2 /* MTCarPlayView.m */,
				1FBE34E11E74F914006F1366 /* MTNewCarHeaderView.h */,
				1FBE34E21E74F914006F1366 /* MTNewCarHeaderView.m */,
			);
			path = View;
			sourceTree = "<group>";
		};
		1F0575BC1E5FFAFC004636C2 /* MTUsed-Car */ = {
			isa = PBXGroup;
			children = (
				1F0575BD1E5FFAFC004636C2 /* Controller */,
				1F0575BE1E5FFAFC004636C2 /* Model */,
				1F0575BF1E5FFAFC004636C2 /* Other */,
				1F0575C01E5FFAFC004636C2 /* View */,
			);
			path = "MTUsed-Car";
			sourceTree = "<group>";
		};
		1F0575BD1E5FFAFC004636C2 /* Controller */ = {
			isa = PBXGroup;
			children = (
				1F0575D91E600046004636C2 /* MTUsedCarViewController.h */,
				1F0575DA1E600046004636C2 /* MTUsedCarViewController.m */,
			);
			path = Controller;
			sourceTree = "<group>";
		};
		1F0575BE1E5FFAFC004636C2 /* Model */ = {
			isa = PBXGroup;
			children = (
			);
			path = Model;
			sourceTree = "<group>";
		};
		1F0575BF1E5FFAFC004636C2 /* Other */ = {
			isa = PBXGroup;
			children = (
				1F3306951E61BEF400F1D14B /* MTUsedCarHeader.xib */,
				1F3306971E61C79C00F1D14B /* MTFirstSectionCell.xib */,
				1F33069C1E61CD1C00F1D14B /* MTFirstOtherCell.h */,
				1F33069D1E61CD1C00F1D14B /* MTFirstOtherCell.m */,
			);
			path = Other;
			sourceTree = "<group>";
		};
		1F0575C01E5FFAFC004636C2 /* View */ = {
			isa = PBXGroup;
			children = (
			);
			path = View;
			sourceTree = "<group>";
		};
		1F0575C11E5FFAFC004636C2 /* Common */ = {
			isa = PBXGroup;
			children = (
				1FBE35F71E76776D006F1366 /* NSArray+Addition.h */,
				1FBE35F81E76776D006F1366 /* NSArray+Addition.m */,
				1FBE35FA1E767784006F1366 /* NSObject+Addition.h */,
				1FBE35FB1E767784006F1366 /* NSObject+Addition.m */,
				1F0575C31E5FFBD6004636C2 /* Base */,
			);
			path = Common;
			sourceTree = "<group>";
		};
		1F0575C21E5FFAFC004636C2 /* Lib */ = {
			isa = PBXGroup;
			children = (
				1F3305831E60306700F1D14B /* Masonry */,
			);
			path = Lib;
			sourceTree = "<group>";
		};
		1F0575C31E5FFBD6004636C2 /* Base */ = {
			isa = PBXGroup;
			children = (
				1F0575C41E5FFBD6004636C2 /* MTBaseControl.h */,
				1F0575C51E5FFBD6004636C2 /* MTBaseControl.m */,
				1F0575C61E5FFBD6004636C2 /* MTBaseView.h */,
				1F0575C71E5FFBD6004636C2 /* MTBaseView.m */,
				1F0575C81E5FFBD6004636C2 /* MTBaseViewController.h */,
				1F0575C91E5FFBD6004636C2 /* MTBaseViewController.m */,
			);
			path = Base;
			sourceTree = "<group>";
		};
		1F3305831E60306700F1D14B /* Masonry */ = {
			isa = PBXGroup;
			children = (
				1F3305841E60306700F1D14B /* Info.plist */,
				1F3305851E60306700F1D14B /* MASCompositeConstraint.h */,
				1F3305861E60306700F1D14B /* MASCompositeConstraint.m */,
				1F3305871E60306700F1D14B /* MASConstraint+Private.h */,
				1F3305881E60306700F1D14B /* MASConstraint.h */,
				1F3305891E60306700F1D14B /* MASConstraint.m */,
				1F33058A1E60306700F1D14B /* MASConstraintMaker.h */,
				1F33058B1E60306700F1D14B /* MASConstraintMaker.m */,
				1F33058C1E60306700F1D14B /* MASLayoutConstraint.h */,
				1F33058D1E60306700F1D14B /* MASLayoutConstraint.m */,
				1F33058E1E60306700F1D14B /* Masonry.h */,
				1F33058F1E60306700F1D14B /* MASUtilities.h */,
				1F3305901E60306700F1D14B /* MASViewAttribute.h */,
				1F3305911E60306700F1D14B /* MASViewAttribute.m */,
				1F3305921E60306700F1D14B /* MASViewConstraint.h */,
				1F3305931E60306700F1D14B /* MASViewConstraint.m */,
				1F3305941E60306700F1D14B /* NSArray+MASAdditions.h */,
				1F3305951E60306700F1D14B /* NSArray+MASAdditions.m */,
				1F3305961E60306700F1D14B /* NSArray+MASShorthandAdditions.h */,
				1F3305971E60306700F1D14B /* NSLayoutConstraint+MASDebugAdditions.h */,
				1F3305981E60306700F1D14B /* NSLayoutConstraint+MASDebugAdditions.m */,
				1F3305991E60306700F1D14B /* View+MASAdditions.h */,
				1F33059A1E60306700F1D14B /* View+MASAdditions.m */,
				1F33059B1E60306700F1D14B /* View+MASShorthandAdditions.h */,
				1F33059C1E60306700F1D14B /* ViewController+MASAdditions.h */,
				1F33059D1E60306700F1D14B /* ViewController+MASAdditions.m */,
			);
			path = Masonry;
			sourceTree = "<group>";
		};
		1FBE36051E767ED7006F1366 /* FunctionList */ = {
			isa = PBXGroup;
			children = (
				1FBE360A1E767EF3006F1366 /* Cycle */,
				1FBE36061E767ED7006F1366 /* Controller */,
				1FBE36071E767ED7006F1366 /* Model */,
				1FBE36081E767ED7006F1366 /* Other */,
				1FBE36091E767ED7006F1366 /* View */,
			);
			path = FunctionList;
			sourceTree = "<group>";
		};
		1FBE36061E767ED7006F1366 /* Controller */ = {
			isa = PBXGroup;
			children = (
			);
			path = Controller;
			sourceTree = "<group>";
		};
		1FBE36071E767ED7006F1366 /* Model */ = {
			isa = PBXGroup;
			children = (
				1FBE362C1E7688F6006F1366 /* ZFBFunctionList.h */,
				1FBE362D1E7688F6006F1366 /* ZFBFunctionList.m */,
			);
			path = Model;
			sourceTree = "<group>";
		};
		1FBE36081E767ED7006F1366 /* Other */ = {
			isa = PBXGroup;
			children = (
				1FBE361D1E7684B5006F1366 /* homeAllFunctions.plist */,
				1FBE361E1E7684B5006F1366 /* ZFBFunctionListFlowLayout.h */,
				1FBE361F1E7684B5006F1366 /* ZFBFunctionListFlowLayout.m */,
			);
			path = Other;
			sourceTree = "<group>";
		};
		1FBE36091E767ED7006F1366 /* View */ = {
			isa = PBXGroup;
			children = (
				1FBE361A1E7683FA006F1366 /* MTFunctionCollectionView.h */,
				1FBE361B1E7683FA006F1366 /* MTFunctionCollectionView.m */,
				1FBE36221E76870E006F1366 /* ZFBFunctionADCell.h */,
				1FBE36231E76870E006F1366 /* ZFBFunctionADCell.m */,
				1FBE36241E76870E006F1366 /* ZFBFunctionADCell.xib */,
				1FBE36251E76870E006F1366 /* ZFBFunctionListCell.h */,
				1FBE36261E76870E006F1366 /* ZFBFunctionListCell.m */,
				1FBE36271E76870E006F1366 /* ZFBFunctionListCell.xib */,
			);
			path = View;
			sourceTree = "<group>";
		};
		1FBE360A1E767EF3006F1366 /* Cycle */ = {
			isa = PBXGroup;
			children = (
				1FBE360B1E767EF3006F1366 /* Controller */,
				1FBE360C1E767EF3006F1366 /* Model */,
				1FBE360D1E767EF3006F1366 /* Other */,
				1FBE36101E767EF3006F1366 /* View */,
			);
			path = Cycle;
			sourceTree = "<group>";
		};
		1FBE360B1E767EF3006F1366 /* Controller */ = {
			isa = PBXGroup;
			children = (
			);
			path = Controller;
			sourceTree = "<group>";
		};
		1FBE360C1E767EF3006F1366 /* Model */ = {
			isa = PBXGroup;
			children = (
			);
			path = Model;
			sourceTree = "<group>";
		};
		1FBE360D1E767EF3006F1366 /* Other */ = {
			isa = PBXGroup;
			children = (
				1FBE360E1E767EF3006F1366 /* ZFBCycleFlowLayout.h */,
				1FBE360F1E767EF3006F1366 /* ZFBCycleFlowLayout.m */,
			);
			path = Other;
			sourceTree = "<group>";
		};
		1FBE36101E767EF3006F1366 /* View */ = {
			isa = PBXGroup;
			children = (
				1FBE36111E767EF3006F1366 /* ZFBCycleCell.h */,
				1FBE36121E767EF3006F1366 /* ZFBCycleCell.m */,
				1FBE36131E767EF3006F1366 /* ZFBCycleCell.xib */,
				1FBE36141E767EF3006F1366 /* ZFBCycleView.h */,
				1FBE36151E767EF3006F1366 /* ZFBCycleView.m */,
			);
			path = View;
			sourceTree = "<group>";
		};
/* End PBXGroup section */

/* Begin PBXNativeTarget section */
		1F0575891E5FF851004636C2 /* 摩托之家 */ = {
			isa = PBXNativeTarget;
			buildConfigurationList = 1F0575A11E5FF851004636C2 /* Build configuration list for PBXNativeTarget "摩托之家" */;
			buildPhases = (
				1F0575861E5FF851004636C2 /* Sources */,
				1F0575871E5FF851004636C2 /* Frameworks */,
				1F0575881E5FF851004636C2 /* Resources */,
			);
			buildRules = (
			);
			dependencies = (
			);
			name = "摩托之家";
			productName = "摩托之家";
			productReference = 1F05758A1E5FF851004636C2 /* 摩托之家.app */;
			productType = "com.apple.product-type.application";
		};
/* End PBXNativeTarget section */

/* Begin PBXProject section */
		1F0575821E5FF850004636C2 /* Project object */ = {
			isa = PBXProject;
			attributes = {
				LastUpgradeCheck = 0820;
				ORGANIZATIONNAME = chen;
				TargetAttributes = {
					1F0575891E5FF851004636C2 = {
						CreatedOnToolsVersion = 8.2.1;
						ProvisioningStyle = Automatic;
					};
				};
			};
			buildConfigurationList = 1F0575851E5FF850004636C2 /* Build configuration list for PBXProject "摩托之家" */;
			compatibilityVersion = "Xcode 3.2";
			developmentRegion = English;
			hasScannedForEncodings = 0;
			knownRegions = (
				en,
				Base,
			);
			mainGroup = 1F0575811E5FF850004636C2;
			productRefGroup = 1F05758B1E5FF851004636C2 /* Products */;
			projectDirPath = "";
			projectRoot = "";
			targets = (
				1F0575891E5FF851004636C2 /* 摩托之家 */,
			);
		};
/* End PBXProject section */

/* Begin PBXResourcesBuildPhase section */
		1F0575881E5FF851004636C2 /* Resources */ = {
			isa = PBXResourcesBuildPhase;
			buildActionMask = 2147483647;
			files = (
				1F3305BD1E6059A300F1D14B /* MTZeroCell.xib in Resources */,
				1F33059E1E60306700F1D14B /* Info.plist in Resources */,
				1F05759D1E5FF851004636C2 /* LaunchScreen.storyboard in Resources */,
				1FBE36201E7684B5006F1366 /* homeAllFunctions.plist in Resources */,
				1F3306961E61BEF400F1D14B /* MTUsedCarHeader.xib in Resources */,
				1F05759A1E5FF851004636C2 /* Assets.xcassets in Resources */,
				1F3306981E61C79C00F1D14B /* MTFirstSectionCell.xib in Resources */,
				1F0575E61E602D72004636C2 /* cars_total.plist in Resources */,
				1FBE362B1E76870E006F1366 /* ZFBFunctionListCell.xib in Resources */,
				1FBE36291E76870E006F1366 /* ZFBFunctionADCell.xib in Resources */,
				1F3305BF1E60604900F1D14B /* MTFirstCell.xib in Resources */,
				1FBE36181E767EF3006F1366 /* ZFBCycleCell.xib in Resources */,
			);
			runOnlyForDeploymentPostprocessing = 0;
		};
/* End PBXResourcesBuildPhase section */

/* Begin PBXSourcesBuildPhase section */
		1F0575861E5FF851004636C2 /* Sources */ = {
			isa = PBXSourcesBuildPhase;
			buildActionMask = 2147483647;
			files = (
				1F3305A01E60306700F1D14B /* MASConstraint.m in Sources */,
				1FBE362E1E7688F6006F1366 /* ZFBFunctionList.m in Sources */,
				1F0575921E5FF851004636C2 /* AppDelegate.m in Sources */,
				1F3305B81E604C5800F1D14B /* MTFirstCell.m in Sources */,
				1F3305A81E60306700F1D14B /* ViewController+MASAdditions.m in Sources */,
				1FBE35F91E76776D006F1366 /* NSArray+Addition.m in Sources */,
				1F0575A61E5FF973004636C2 /* MTTabBarController.m in Sources */,
				1FBE361C1E7683FA006F1366 /* MTFunctionCollectionView.m in Sources */,
				1F0575CC1E5FFBD6004636C2 /* MTBaseViewController.m in Sources */,
				1F0575E31E602BC0004636C2 /* CZCar.m in Sources */,
				1FBE36171E767EF3006F1366 /* ZFBCycleCell.m in Sources */,
				1F33059F1E60306700F1D14B /* MASCompositeConstraint.m in Sources */,
				1F05758F1E5FF851004636C2 /* main.m in Sources */,
				1F3305A11E60306700F1D14B /* MASConstraintMaker.m in Sources */,
				1F3305BB1E604C9C00F1D14B /* MTSecondCell.m in Sources */,
				1FBE35FC1E767784006F1366 /* NSObject+Addition.m in Sources */,
				1F3305A71E60306700F1D14B /* View+MASAdditions.m in Sources */,
				1F0575D51E600012004636C2 /* MTMineViewController.m in Sources */,
				1FBE34E31E74F914006F1366 /* MTNewCarHeaderView.m in Sources */,
				1F3305A31E60306700F1D14B /* MASViewAttribute.m in Sources */,
				1F0575D81E60002B004636C2 /* MTNewCarViewController.m in Sources */,
				1F3305A61E60306700F1D14B /* NSLayoutConstraint+MASDebugAdditions.m in Sources */,
				1F0575CB1E5FFBD6004636C2 /* MTBaseView.m in Sources */,
				1F0575D21E5FFFFD004636C2 /* MTHelpPurchaseViewController.m in Sources */,
				1F0575CF1E5FFFE2004636C2 /* MTDiscovryViewController.m in Sources */,
				1F3305A51E60306700F1D14B /* NSArray+MASAdditions.m in Sources */,
				1F3305C21E6068D600F1D14B /* MTHeaderView.m in Sources */,
				1F0575CA1E5FFBD6004636C2 /* MTBaseControl.m in Sources */,
				1FBE36161E767EF3006F1366 /* ZFBCycleFlowLayout.m in Sources */,
				1F3305A41E60306700F1D14B /* MASViewConstraint.m in Sources */,
				1F0575DE1E602A16004636C2 /* MTCarPlayView.m in Sources */,
				1F3305AF1E6044D300F1D14B /* MTNavigationController.m in Sources */,
				1F0575DB1E600046004636C2 /* MTUsedCarViewController.m in Sources */,
				1FBE36211E7684B5006F1366 /* ZFBFunctionListFlowLayout.m in Sources */,
				1F33069E1E61CD1C00F1D14B /* MTFirstOtherCell.m in Sources */,
				1F3305A21E60306700F1D14B /* MASLayoutConstraint.m in Sources */,
				1F0575E41E602BC0004636C2 /* CZCarGroup.m in Sources */,
				1FBE362A1E76870E006F1366 /* ZFBFunctionListCell.m in Sources */,
				1FBE36191E767EF3006F1366 /* ZFBCycleView.m in Sources */,
				1FBE36281E76870E006F1366 /* ZFBFunctionADCell.m in Sources */,
				1F3305B21E6046CC00F1D14B /* MTMineFlowLayout.m in Sources */,
			);
			runOnlyForDeploymentPostprocessing = 0;
		};
/* End PBXSourcesBuildPhase section */

/* Begin PBXVariantGroup section */
		1F05759B1E5FF851004636C2 /* LaunchScreen.storyboard */ = {
			isa = PBXVariantGroup;
			children = (
				1F05759C1E5FF851004636C2 /* Base */,
			);
			name = LaunchScreen.storyboard;
			sourceTree = "<group>";
		};
/* End PBXVariantGroup section */

/* Begin XCBuildConfiguration section */
		1F05759F1E5FF851004636C2 /* Debug */ = {
			isa = XCBuildConfiguration;
			buildSettings = {
				ALWAYS_SEARCH_USER_PATHS = NO;
				CLANG_ANALYZER_NONNULL = YES;
				CLANG_CXX_LANGUAGE_STANDARD = "gnu++0x";
				CLANG_CXX_LIBRARY = "libc++";
				CLANG_ENABLE_MODULES = YES;
				CLANG_ENABLE_OBJC_ARC = YES;
				CLANG_WARN_BOOL_CONVERSION = YES;
				CLANG_WARN_CONSTANT_CONVERSION = YES;
				CLANG_WARN_DIRECT_OBJC_ISA_USAGE = YES_ERROR;
				CLANG_WARN_DOCUMENTATION_COMMENTS = YES;
				CLANG_WARN_EMPTY_BODY = YES;
				CLANG_WARN_ENUM_CONVERSION = YES;
				CLANG_WARN_INFINITE_RECURSION = YES;
				CLANG_WARN_INT_CONVERSION = YES;
				CLANG_WARN_OBJC_ROOT_CLASS = YES_ERROR;
				CLANG_WARN_SUSPICIOUS_MOVE = YES;
				CLANG_WARN_UNREACHABLE_CODE = YES;
				CLANG_WARN__DUPLICATE_METHOD_MATCH = YES;
				"CODE_SIGN_IDENTITY[sdk=iphoneos*]" = "iPhone Developer";
				COPY_PHASE_STRIP = NO;
				DEBUG_INFORMATION_FORMAT = dwarf;
				ENABLE_STRICT_OBJC_MSGSEND = YES;
				ENABLE_TESTABILITY = YES;
				GCC_C_LANGUAGE_STANDARD = gnu99;
				GCC_DYNAMIC_NO_PIC = NO;
				GCC_NO_COMMON_BLOCKS = YES;
				GCC_OPTIMIZATION_LEVEL = 0;
				GCC_PREPROCESSOR_DEFINITIONS = (
					"DEBUG=1",
					"$(inherited)",
				);
				GCC_WARN_64_TO_32_BIT_CONVERSION = YES;
				GCC_WARN_ABOUT_RETURN_TYPE = YES_ERROR;
				GCC_WARN_UNDECLARED_SELECTOR = YES;
				GCC_WARN_UNINITIALIZED_AUTOS = YES_AGGRESSIVE;
				GCC_WARN_UNUSED_FUNCTION = YES;
				GCC_WARN_UNUSED_VARIABLE = YES;
				IPHONEOS_DEPLOYMENT_TARGET = 10.2;
				MTL_ENABLE_DEBUG_INFO = YES;
				ONLY_ACTIVE_ARCH = YES;
				SDKROOT = iphoneos;
			};
			name = Debug;
		};
		1F0575A01E5FF851004636C2 /* Release */ = {
			isa = XCBuildConfiguration;
			buildSettings = {
				ALWAYS_SEARCH_USER_PATHS = NO;
				CLANG_ANALYZER_NONNULL = YES;
				CLANG_CXX_LANGUAGE_STANDARD = "gnu++0x";
				CLANG_CXX_LIBRARY = "libc++";
				CLANG_ENABLE_MODULES = YES;
				CLANG_ENABLE_OBJC_ARC = YES;
				CLANG_WARN_BOOL_CONVERSION = YES;
				CLANG_WARN_CONSTANT_CONVERSION = YES;
				CLANG_WARN_DIRECT_OBJC_ISA_USAGE = YES_ERROR;
				CLANG_WARN_DOCUMENTATION_COMMENTS = YES;
				CLANG_WARN_EMPTY_BODY = YES;
				CLANG_WARN_ENUM_CONVERSION = YES;
				CLANG_WARN_INFINITE_RECURSION = YES;
				CLANG_WARN_INT_CONVERSION = YES;
				CLANG_WARN_OBJC_ROOT_CLASS = YES_ERROR;
				CLANG_WARN_SUSPICIOUS_MOVE = YES;
				CLANG_WARN_UNREACHABLE_CODE = YES;
				CLANG_WARN__DUPLICATE_METHOD_MATCH = YES;
				"CODE_SIGN_IDENTITY[sdk=iphoneos*]" = "iPhone Developer";
				COPY_PHASE_STRIP = NO;
				DEBUG_INFORMATION_FORMAT = "dwarf-with-dsym";
				ENABLE_NS_ASSERTIONS = NO;
				ENABLE_STRICT_OBJC_MSGSEND = YES;
				GCC_C_LANGUAGE_STANDARD = gnu99;
				GCC_NO_COMMON_BLOCKS = YES;
				GCC_WARN_64_TO_32_BIT_CONVERSION = YES;
				GCC_WARN_ABOUT_RETURN_TYPE = YES_ERROR;
				GCC_WARN_UNDECLARED_SELECTOR = YES;
				GCC_WARN_UNINITIALIZED_AUTOS = YES_AGGRESSIVE;
				GCC_WARN_UNUSED_FUNCTION = YES;
				GCC_WARN_UNUSED_VARIABLE = YES;
				IPHONEOS_DEPLOYMENT_TARGET = 10.2;
				MTL_ENABLE_DEBUG_INFO = NO;
				SDKROOT = iphoneos;
				VALIDATE_PRODUCT = YES;
			};
			name = Release;
		};
		1F0575A21E5FF851004636C2 /* Debug */ = {
			isa = XCBuildConfiguration;
			buildSettings = {
				ASSETCATALOG_COMPILER_APPICON_NAME = AppIcon;
				GCC_PRECOMPILE_PREFIX_HEADER = YES;
				GCC_PREFIX_HEADER = "摩托之家/MTPrefixHeader.pch";
				INFOPLIST_FILE = "摩托之家/Info.plist";
				IPHONEOS_DEPLOYMENT_TARGET = 10.1;
				LD_RUNPATH_SEARCH_PATHS = "$(inherited) @executable_path/Frameworks";
				PRODUCT_BUNDLE_IDENTIFIER = "com.chenWei.----";
				PRODUCT_NAME = "$(TARGET_NAME)";
			};
			name = Debug;
		};
		1F0575A31E5FF851004636C2 /* Release */ = {
			isa = XCBuildConfiguration;
			buildSettings = {
				ASSETCATALOG_COMPILER_APPICON_NAME = AppIcon;
				GCC_PRECOMPILE_PREFIX_HEADER = YES;
				GCC_PREFIX_HEADER = "摩托之家/MTPrefixHeader.pch";
				INFOPLIST_FILE = "摩托之家/Info.plist";
				IPHONEOS_DEPLOYMENT_TARGET = 10.1;
				LD_RUNPATH_SEARCH_PATHS = "$(inherited) @executable_path/Frameworks";
				PRODUCT_BUNDLE_IDENTIFIER = "com.chenWei.----";
				PRODUCT_NAME = "$(TARGET_NAME)";
			};
			name = Release;
		};
/* End XCBuildConfiguration section */

/* Begin XCConfigurationList section */
		1F0575851E5FF850004636C2 /* Build configuration list for PBXProject "摩托之家" */ = {
			isa = XCConfigurationList;
			buildConfigurations = (
				1F05759F1E5FF851004636C2 /* Debug */,
				1F0575A01E5FF851004636C2 /* Release */,
			);
			defaultConfigurationIsVisible = 0;
			defaultConfigurationName = Release;
		};
		1F0575A11E5FF851004636C2 /* Build configuration list for PBXNativeTarget "摩托之家" */ = {
			isa = XCConfigurationList;
			buildConfigurations = (
				1F0575A21E5FF851004636C2 /* Debug */,
				1F0575A31E5FF851004636C2 /* Release */,
			);
			defaultConfigurationIsVisible = 0;
			defaultConfigurationName = Release;
		};
/* End XCConfigurationList section */
	};
	rootObject = 1F0575821E5FF850004636C2 /* Project object */;
}
